
Microsoft Visual Studio Solution File, Format Version 12.00
# Visual Studio Version 17
VisualStudioVersion = 17.8.34408.163
MinimumVisualStudioVersion = 10.0.40219.1
Project("{2150E333-8FDC-42A3-9474-1A3956D46DE8}") = "Solution Items", "Solution Items", "{FAF7E92D-CC96-4339-9DA8-0BF8988FF6A8}"
	ProjectSection(SolutionItems) = preProject
		src\docker-compose.override.yml = src\docker-compose.override.yml
		src\docker-compose.yml = src\docker-compose.yml
		global.json = global.json
		README.md = README.md
	EndProjectSection
EndProject
Project("{2150E333-8FDC-42A3-9474-1A3956D46DE8}") = "src", "src", "{FAF7457A-17F5-461F-98B5-F33B0799773B}"
EndProject
Project("{2150E333-8FDC-42A3-9474-1A3956D46DE8}") = "ApiGateways", "ApiGateways", "{2F8A78F1-F85C-4D75-B55A-C8173A59CF87}"
EndProject
Project("{2150E333-8FDC-42A3-9474-1A3956D46DE8}") = "BuildingBlocks", "BuildingBlocks", "{99BB9FDA-A844-4658-B660-E728AC301CC7}"
EndProject
Project("{2150E333-8FDC-42A3-9474-1A3956D46DE8}") = "Services", "Services", "{D81E1D50-C936-4862-B383-10B7900BF95F}"
EndProject
Project("{2150E333-8FDC-42A3-9474-1A3956D46DE8}") = "WebApps", "WebApps", "{2C0D7C7C-CE72-48FC-AD43-448502BBE59C}"
EndProject
Project("{2150E333-8FDC-42A3-9474-1A3956D46DE8}") = "tests", "tests", "{9BC6EF74-50AA-4246-83C5-0FA968E47227}"
EndProject
Project("{FAE04EC0-301F-11D3-BF4B-00C04F79EFBC}") = "Common.Logging", "src\BuildingBlocks\Common.Logging\Common.Logging.csproj", "{CCA3166E-A0F3-4F8D-8C9C-2D9C762F1285}"
EndProject
Project("{FAE04EC0-301F-11D3-BF4B-00C04F79EFBC}") = "EventBus.Messages", "src\BuildingBlocks\EventBus.Messages\EventBus.Messages.csproj", "{F2A26B36-E451-40F1-B728-8EDFC51AD0C8}"
EndProject
Project("{2150E333-8FDC-42A3-9474-1A3956D46DE8}") = "Basket", "Basket", "{3FF167EE-A2ED-489B-AACB-46531C99F1D4}"
EndProject
Project("{2150E333-8FDC-42A3-9474-1A3956D46DE8}") = "Customer", "Customer", "{5CA9E8DC-275E-4A74-A2AB-A2C9FD3BD147}"
EndProject
Project("{2150E333-8FDC-42A3-9474-1A3956D46DE8}") = "Inventory", "Inventory", "{F037D39C-A321-4572-BF7D-E1DB8AC97924}"
EndProject
Project("{2150E333-8FDC-42A3-9474-1A3956D46DE8}") = "Ordering", "Ordering", "{4FD4EC8B-1C8E-4B2A-8025-F69A6419A104}"
EndProject
Project("{2150E333-8FDC-42A3-9474-1A3956D46DE8}") = "Product", "Product", "{C274E61C-17F0-4691-977C-F342797503F9}"
EndProject
Project("{2150E333-8FDC-42A3-9474-1A3956D46DE8}") = "ScheduledJob", "ScheduledJob", "{973CF63C-F8CB-47ED-8D78-0FF3546278F2}"
EndProject
Project("{FAE04EC0-301F-11D3-BF4B-00C04F79EFBC}") = "Basket.API", "src\Services\Basket.API\Basket.API.csproj", "{559EC5FD-63AC-4032-97D2-FB6C28252389}"
EndProject
Project("{FAE04EC0-301F-11D3-BF4B-00C04F79EFBC}") = "Customer.API", "src\Services\Customer.API\Customer.API.csproj", "{C0B79A7A-6620-48E7-B455-D7DBA4AADF20}"
EndProject
Project("{FAE04EC0-301F-11D3-BF4B-00C04F79EFBC}") = "Inventory.Product.API", "src\Services\Inventory.Product.API\Inventory.Product.API.csproj", "{A25872FA-C51E-44FE-AC18-DF29E4AC7A53}"
EndProject
Project("{FAE04EC0-301F-11D3-BF4B-00C04F79EFBC}") = "Ordering.API", "src\Services\Ordering.API\Ordering.API.csproj", "{A1C9A35B-60B3-4690-904D-ACE9C2FB327B}"
EndProject
Project("{FAE04EC0-301F-11D3-BF4B-00C04F79EFBC}") = "Product.API", "src\Services\Product.API\Product.API.csproj", "{A8CAE1BB-58CA-4AB8-BDEA-38BDFFD162F3}"
EndProject
Project("{FAE04EC0-301F-11D3-BF4B-00C04F79EFBC}") = "Hangfire.API", "src\Services\Hangfire.API\Hangfire.API.csproj", "{47A1E661-18D5-4B07-9C55-4085B2B548B2}"
EndProject
Project("{FAE04EC0-301F-11D3-BF4B-00C04F79EFBC}") = "Contracts", "src\BuildingBlocks\Contracts\Contracts.csproj", "{965A9B9D-BB9A-4740-94AF-28E78F5AF6F0}"
EndProject
Project("{FAE04EC0-301F-11D3-BF4B-00C04F79EFBC}") = "Infrastructure", "src\BuildingBlocks\Infrastructure\Infrastructure.csproj", "{DE4D1238-8DEB-4E87-9934-2A1A052925B0}"
EndProject
Project("{FAE04EC0-301F-11D3-BF4B-00C04F79EFBC}") = "Shared", "src\BuildingBlocks\Shared\Shared.csproj", "{A5AB4CF4-B1EC-4D53-8A8A-82EF43F25BEA}"
EndProject
Project("{FAE04EC0-301F-11D3-BF4B-00C04F79EFBC}") = "OcelotApiGw", "src\ApiGateways\OcelotApiGw\OcelotApiGw.csproj", "{6FDCB22C-B8AA-484D-A455-BD6CDC5D48E4}"
EndProject
Project("{FAE04EC0-301F-11D3-BF4B-00C04F79EFBC}") = "WebHealthStatus", "src\WebApps\WebHealthStatus\WebHealthStatus.csproj", "{83EA9D69-8E3E-40AD-8373-5D4747D5F1B2}"
EndProject
Global
	GlobalSection(SolutionConfigurationPlatforms) = preSolution
		Debug|Any CPU = Debug|Any CPU
		Release|Any CPU = Release|Any CPU
	EndGlobalSection
	GlobalSection(ProjectConfigurationPlatforms) = postSolution
		{CCA3166E-A0F3-4F8D-8C9C-2D9C762F1285}.Debug|Any CPU.ActiveCfg = Debug|Any CPU
		{CCA3166E-A0F3-4F8D-8C9C-2D9C762F1285}.Debug|Any CPU.Build.0 = Debug|Any CPU
		{CCA3166E-A0F3-4F8D-8C9C-2D9C762F1285}.Release|Any CPU.ActiveCfg = Release|Any CPU
		{CCA3166E-A0F3-4F8D-8C9C-2D9C762F1285}.Release|Any CPU.Build.0 = Release|Any CPU
		{F2A26B36-E451-40F1-B728-8EDFC51AD0C8}.Debug|Any CPU.ActiveCfg = Debug|Any CPU
		{F2A26B36-E451-40F1-B728-8EDFC51AD0C8}.Debug|Any CPU.Build.0 = Debug|Any CPU
		{F2A26B36-E451-40F1-B728-8EDFC51AD0C8}.Release|Any CPU.ActiveCfg = Release|Any CPU
		{F2A26B36-E451-40F1-B728-8EDFC51AD0C8}.Release|Any CPU.Build.0 = Release|Any CPU
		{559EC5FD-63AC-4032-97D2-FB6C28252389}.Debug|Any CPU.ActiveCfg = Debug|Any CPU
		{559EC5FD-63AC-4032-97D2-FB6C28252389}.Debug|Any CPU.Build.0 = Debug|Any CPU
		{559EC5FD-63AC-4032-97D2-FB6C28252389}.Release|Any CPU.ActiveCfg = Release|Any CPU
		{559EC5FD-63AC-4032-97D2-FB6C28252389}.Release|Any CPU.Build.0 = Release|Any CPU
		{C0B79A7A-6620-48E7-B455-D7DBA4AADF20}.Debug|Any CPU.ActiveCfg = Debug|Any CPU
		{C0B79A7A-6620-48E7-B455-D7DBA4AADF20}.Debug|Any CPU.Build.0 = Debug|Any CPU
		{C0B79A7A-6620-48E7-B455-D7DBA4AADF20}.Release|Any CPU.ActiveCfg = Release|Any CPU
		{C0B79A7A-6620-48E7-B455-D7DBA4AADF20}.Release|Any CPU.Build.0 = Release|Any CPU
		{A25872FA-C51E-44FE-AC18-DF29E4AC7A53}.Debug|Any CPU.ActiveCfg = Debug|Any CPU
		{A25872FA-C51E-44FE-AC18-DF29E4AC7A53}.Debug|Any CPU.Build.0 = Debug|Any CPU
		{A25872FA-C51E-44FE-AC18-DF29E4AC7A53}.Release|Any CPU.ActiveCfg = Release|Any CPU
		{A25872FA-C51E-44FE-AC18-DF29E4AC7A53}.Release|Any CPU.Build.0 = Release|Any CPU
		{A1C9A35B-60B3-4690-904D-ACE9C2FB327B}.Debug|Any CPU.ActiveCfg = Debug|Any CPU
		{A1C9A35B-60B3-4690-904D-ACE9C2FB327B}.Debug|Any CPU.Build.0 = Debug|Any CPU
		{A1C9A35B-60B3-4690-904D-ACE9C2FB327B}.Release|Any CPU.ActiveCfg = Release|Any CPU
		{A1C9A35B-60B3-4690-904D-ACE9C2FB327B}.Release|Any CPU.Build.0 = Release|Any CPU
		{A8CAE1BB-58CA-4AB8-BDEA-38BDFFD162F3}.Debug|Any CPU.ActiveCfg = Debug|Any CPU
		{A8CAE1BB-58CA-4AB8-BDEA-38BDFFD162F3}.Debug|Any CPU.Build.0 = Debug|Any CPU
		{A8CAE1BB-58CA-4AB8-BDEA-38BDFFD162F3}.Release|Any CPU.ActiveCfg = Release|Any CPU
		{A8CAE1BB-58CA-4AB8-BDEA-38BDFFD162F3}.Release|Any CPU.Build.0 = Release|Any CPU
		{47A1E661-18D5-4B07-9C55-4085B2B548B2}.Debug|Any CPU.ActiveCfg = Debug|Any CPU
		{47A1E661-18D5-4B07-9C55-4085B2B548B2}.Debug|Any CPU.Build.0 = Debug|Any CPU
		{47A1E661-18D5-4B07-9C55-4085B2B548B2}.Release|Any CPU.ActiveCfg = Release|Any CPU
		{47A1E661-18D5-4B07-9C55-4085B2B548B2}.Release|Any CPU.Build.0 = Release|Any CPU
		{965A9B9D-BB9A-4740-94AF-28E78F5AF6F0}.Debug|Any CPU.ActiveCfg = Debug|Any CPU
		{965A9B9D-BB9A-4740-94AF-28E78F5AF6F0}.Debug|Any CPU.Build.0 = Debug|Any CPU
		{965A9B9D-BB9A-4740-94AF-28E78F5AF6F0}.Release|Any CPU.ActiveCfg = Release|Any CPU
		{965A9B9D-BB9A-4740-94AF-28E78F5AF6F0}.Release|Any CPU.Build.0 = Release|Any CPU
		{DE4D1238-8DEB-4E87-9934-2A1A052925B0}.Debug|Any CPU.ActiveCfg = Debug|Any CPU
		{DE4D1238-8DEB-4E87-9934-2A1A052925B0}.Debug|Any CPU.Build.0 = Debug|Any CPU
		{DE4D1238-8DEB-4E87-9934-2A1A052925B0}.Release|Any CPU.ActiveCfg = Release|Any CPU
		{DE4D1238-8DEB-4E87-9934-2A1A052925B0}.Release|Any CPU.Build.0 = Release|Any CPU
		{A5AB4CF4-B1EC-4D53-8A8A-82EF43F25BEA}.Debug|Any CPU.ActiveCfg = Debug|Any CPU
		{A5AB4CF4-B1EC-4D53-8A8A-82EF43F25BEA}.Debug|Any CPU.Build.0 = Debug|Any CPU
		{A5AB4CF4-B1EC-4D53-8A8A-82EF43F25BEA}.Release|Any CPU.ActiveCfg = Release|Any CPU
		{A5AB4CF4-B1EC-4D53-8A8A-82EF43F25BEA}.Release|Any CPU.Build.0 = Release|Any CPU
		{6FDCB22C-B8AA-484D-A455-BD6CDC5D48E4}.Debug|Any CPU.ActiveCfg = Debug|Any CPU
		{6FDCB22C-B8AA-484D-A455-BD6CDC5D48E4}.Debug|Any CPU.Build.0 = Debug|Any CPU
		{6FDCB22C-B8AA-484D-A455-BD6CDC5D48E4}.Release|Any CPU.ActiveCfg = Release|Any CPU
		{6FDCB22C-B8AA-484D-A455-BD6CDC5D48E4}.Release|Any CPU.Build.0 = Release|Any CPU
		{83EA9D69-8E3E-40AD-8373-5D4747D5F1B2}.Debug|Any CPU.ActiveCfg = Debug|Any CPU
		{83EA9D69-8E3E-40AD-8373-5D4747D5F1B2}.Debug|Any CPU.Build.0 = Debug|Any CPU
		{83EA9D69-8E3E-40AD-8373-5D4747D5F1B2}.Release|Any CPU.ActiveCfg = Release|Any CPU
		{83EA9D69-8E3E-40AD-8373-5D4747D5F1B2}.Release|Any CPU.Build.0 = Release|Any CPU
	EndGlobalSection
	GlobalSection(SolutionProperties) = preSolution
		HideSolutionNode = FALSE
	EndGlobalSection
	GlobalSection(NestedProjects) = preSolution
		{2F8A78F1-F85C-4D75-B55A-C8173A59CF87} = {FAF7457A-17F5-461F-98B5-F33B0799773B}
		{99BB9FDA-A844-4658-B660-E728AC301CC7} = {FAF7457A-17F5-461F-98B5-F33B0799773B}
		{D81E1D50-C936-4862-B383-10B7900BF95F} = {FAF7457A-17F5-461F-98B5-F33B0799773B}
		{2C0D7C7C-CE72-48FC-AD43-448502BBE59C} = {FAF7457A-17F5-461F-98B5-F33B0799773B}
		{CCA3166E-A0F3-4F8D-8C9C-2D9C762F1285} = {99BB9FDA-A844-4658-B660-E728AC301CC7}
		{F2A26B36-E451-40F1-B728-8EDFC51AD0C8} = {99BB9FDA-A844-4658-B660-E728AC301CC7}
		{3FF167EE-A2ED-489B-AACB-46531C99F1D4} = {D81E1D50-C936-4862-B383-10B7900BF95F}
		{5CA9E8DC-275E-4A74-A2AB-A2C9FD3BD147} = {D81E1D50-C936-4862-B383-10B7900BF95F}
		{F037D39C-A321-4572-BF7D-E1DB8AC97924} = {D81E1D50-C936-4862-B383-10B7900BF95F}
		{4FD4EC8B-1C8E-4B2A-8025-F69A6419A104} = {D81E1D50-C936-4862-B383-10B7900BF95F}
		{C274E61C-17F0-4691-977C-F342797503F9} = {D81E1D50-C936-4862-B383-10B7900BF95F}
		{973CF63C-F8CB-47ED-8D78-0FF3546278F2} = {D81E1D50-C936-4862-B383-10B7900BF95F}
		{559EC5FD-63AC-4032-97D2-FB6C28252389} = {3FF167EE-A2ED-489B-AACB-46531C99F1D4}
		{C0B79A7A-6620-48E7-B455-D7DBA4AADF20} = {5CA9E8DC-275E-4A74-A2AB-A2C9FD3BD147}
		{A25872FA-C51E-44FE-AC18-DF29E4AC7A53} = {F037D39C-A321-4572-BF7D-E1DB8AC97924}
		{A1C9A35B-60B3-4690-904D-ACE9C2FB327B} = {4FD4EC8B-1C8E-4B2A-8025-F69A6419A104}
		{A8CAE1BB-58CA-4AB8-BDEA-38BDFFD162F3} = {C274E61C-17F0-4691-977C-F342797503F9}
		{47A1E661-18D5-4B07-9C55-4085B2B548B2} = {973CF63C-F8CB-47ED-8D78-0FF3546278F2}
		{965A9B9D-BB9A-4740-94AF-28E78F5AF6F0} = {99BB9FDA-A844-4658-B660-E728AC301CC7}
		{DE4D1238-8DEB-4E87-9934-2A1A052925B0} = {99BB9FDA-A844-4658-B660-E728AC301CC7}
		{A5AB4CF4-B1EC-4D53-8A8A-82EF43F25BEA} = {99BB9FDA-A844-4658-B660-E728AC301CC7}
		{6FDCB22C-B8AA-484D-A455-BD6CDC5D48E4} = {2F8A78F1-F85C-4D75-B55A-C8173A59CF87}
		{83EA9D69-8E3E-40AD-8373-5D4747D5F1B2} = {2C0D7C7C-CE72-48FC-AD43-448502BBE59C}
	EndGlobalSection
	GlobalSection(ExtensibilityGlobals) = postSolution
		SolutionGuid = {B22B17A3-4A6A-41FC-AA6F-D27D7DC731AE}
	EndGlobalSection
EndGlobal
